
Microsoft Visual Studio Solution File, Format Version 12.00
# Visual Studio 15
Project("{FAE04EC0-301F-11D3-BF4B-00C04F79EFBC}") = "Assembly-CSharp", "Assembly-CSharp.csproj", "{7927506B-B797-86C1-9C01-F116D24089BF}"
EndProject
Project("{FAE04EC0-301F-11D3-BF4B-00C04F79EFBC}") = "Assembly-CSharp-Editor", "Assembly-CSharp-Editor.csproj", "{218ACBE3-00B1-EAE3-7A19-BCA5B8635043}"
EndProject
Global
	GlobalSection(SolutionConfigurationPlatforms) = preSolution
		Debug|Any CPU = Debug|Any CPU
		Release|Any CPU = Release|Any CPU
	EndGlobalSection
	GlobalSection(ProjectConfigurationPlatforms) = postSolution
		{7927506B-B797-86C1-9C01-F116D24089BF}.Debug|Any CPU.ActiveCfg = Debug|Any CPU
		{7927506B-B797-86C1-9C01-F116D24089BF}.Debug|Any CPU.Build.0 = Debug|Any CPU
		{7927506B-B797-86C1-9C01-F116D24089BF}.Release|Any CPU.ActiveCfg = Release|Any CPU
		{7927506B-B797-86C1-9C01-F116D24089BF}.Release|Any CPU.Build.0 = Release|Any CPU
		{218ACBE3-00B1-EAE3-7A19-BCA5B8635043}.Debug|Any CPU.ActiveCfg = Debug|Any CPU
		{218ACBE3-00B1-EAE3-7A19-BCA5B8635043}.Debug|Any CPU.Build.0 = Debug|Any CPU
		{218ACBE3-00B1-EAE3-7A19-BCA5B8635043}.Release|Any CPU.ActiveCfg = Release|Any CPU
		{218ACBE3-00B1-EAE3-7A19-BCA5B8635043}.Release|Any CPU.Build.0 = Release|Any CPU
	EndGlobalSection
	GlobalSection(SolutionProperties) = preSolution
		HideSolutionNode = FALSE
	EndGlobalSection
EndGlobal
